
Microsoft Visual Studio Solution File, Format Version 12.00
# Visual Studio Version 17
VisualStudioVersion = 17.0.31903.59
MinimumVisualStudioVersion = 10.0.40219.1
Project("{2150E333-8FDC-42A3-9474-1A3956D46DE8}") = "Source", "Source", "{B8EFCA5F-814F-285C-A8CB-F00F14650265}"
EndProject
Project("{2150E333-8FDC-42A3-9474-1A3956D46DE8}") = "Core", "Core", "{55418A49-9090-CAE5-2336-DB6E3B14E6F9}"
EndProject
Project("{FAE04EC0-301F-11D3-BF4B-00C04F79EFBC}") = "Domain", "Source\Core\Domain\Domain.csproj", "{1C1DDCAB-E4E8-4EC2-8186-7C13DDFA1EF1}"
EndProject
Project("{FAE04EC0-301F-11D3-BF4B-00C04F79EFBC}") = "Application", "Source\Core\Application\Application.csproj", "{09403E97-B2FA-404B-B37E-727273824F99}"
EndProject
Project("{FAE04EC0-301F-11D3-BF4B-00C04F79EFBC}") = "Shared", "Source\Core\Shared\Shared.csproj", "{1F5DD70D-2189-43FE-B75F-CBD852E89583}"
EndProject
Project("{2150E333-8FDC-42A3-9474-1A3956D46DE8}") = "Infrastructure", "Infrastructure", "{CC77E06B-3944-BD4E-1143-D9E0831960C5}"
EndProject
Project("{FAE04EC0-301F-11D3-BF4B-00C04F79EFBC}") = "Infrastructure", "Source\Infrastructure\Infrastructure\Infrastructure.csproj", "{97EE5803-F373-4E12-92D4-AF1155870CE1}"
EndProject
Project("{FAE04EC0-301F-11D3-BF4B-00C04F79EFBC}") = "Persistence", "Source\Infrastructure\Persistence\Persistence.csproj", "{A3B7C8D9-E1F2-4A5B-8C6D-7E8F9A0B1C2D}"
EndProject
Project("{2150E333-8FDC-42A3-9474-1A3956D46DE8}") = "Presentation", "Presentation", "{4099C67F-8F07-C005-922D-FD49B02B3456}"
EndProject
Project("{FAE04EC0-301F-11D3-BF4B-00C04F79EFBC}") = "Server", "Source\Presentation\Server\Server.csproj", "{D2FA1B04-965D-446E-B39D-DB85F54A6995}"
EndProject
Project("{FAE04EC0-301F-11D3-BF4B-00C04F79EFBC}") = "Client", "Source\Presentation\Client\Client.csproj", "{B3851BC8-D11D-4002-B486-567C8A34C0EF}"
EndProject
Project("{FAE04EC0-301F-11D3-BF4B-00C04F79EFBC}") = "AppHost", "Source\AppHost\AppHost.csproj", "{5143DB23-DF40-49EF-87DE-9ED4F972FF27}"
EndProject
Project("{FAE04EC0-301F-11D3-BF4B-00C04F79EFBC}") = "ServiceDefaults", "Source\ServiceDefaults\ServiceDefaults.csproj", "{EF4814CB-A083-4486-B759-748F8F0E5166}"
EndProject
Project("{2150E333-8FDC-42A3-9474-1A3956D46DE8}") = "Tools", "Tools", "{82952E8A-BE24-56EA-13F6-4DD522780281}"
EndProject
Project("{FAE04EC0-301F-11D3-BF4B-00C04F79EFBC}") = "Generator.Database", "Source\Tools\Generator.Database\Generator.Database.csproj", "{10AA0DD9-4552-43CE-9193-5737274B4F8D}"
EndProject
Project("{2150E333-8FDC-42A3-9474-1A3956D46DE8}") = "Tests", "Tests", "{0AB3BF05-4346-4AA6-1389-037BE0695223}"
EndProject
Project("{FAE04EC0-301F-11D3-BF4B-00C04F79EFBC}") = "Tests.Unit", "Tests\Tests.Unit\Tests.Unit.csproj", "{5B40A1D1-A630-4CE3-9FE8-AD47461C15B8}"
EndProject
Project("{FAE04EC0-301F-11D3-BF4B-00C04F79EFBC}") = "Tests.Integration", "Tests\Tests.Integration\Tests.Integration.csproj", "{F7445D07-D389-4F73-9B75-555BF8429BB3}"
EndProject
Project("{FAE04EC0-301F-11D3-BF4B-00C04F79EFBC}") = "Tests.Infrastructure", "Tests\Tests.Infrastructure\Tests.Infrastructure.csproj", "{2BC86642-A1CB-4BB7-B7AC-4398397F79BC}"
EndProject
Project("{00D1A9C2-B5F0-4AF3-8072-F6C62B433612}") = "Main", "Source\Database\Main\Main.sqlproj", "{8A2DCA74-0266-4DFE-B988-FAA78FB9AC6B}"
EndProject
Project("{2150E333-8FDC-42A3-9474-1A3956D46DE8}") = "Database", "Database", "{C8D5274F-AC00-46C7-1F8D-E88E81087A52}"
EndProject
Project("{2150E333-8FDC-42A3-9474-1A3956D46DE8}") = "Solutions", "Solutions", "{06ED01AE-495A-44EB-83B2-77F9B386F093}"
	ProjectSection(SolutionItems) = preProject
		.editorconfig = .editorconfig
		.gitignore = .gitignore
		CLAUDE.md = CLAUDE.md
		Directory.Build.props = Directory.Build.props
		Directory.Packages.props = Directory.Packages.props
	EndProjectSection
EndProject
Project("{FAE04EC0-301F-11D3-BF4B-00C04F79EFBC}") = "Crawler", "Source\Tools\Crawler\Crawler.csproj", "{327FAB73-D7C8-4431-B1BF-21F60F2A9361}"
EndProject
Global
	GlobalSection(SolutionConfigurationPlatforms) = preSolution
		Debug|Any CPU = Debug|Any CPU
		Debug|x64 = Debug|x64
		Debug|x86 = Debug|x86
		Release|Any CPU = Release|Any CPU
		Release|x64 = Release|x64
		Release|x86 = Release|x86
	EndGlobalSection
	GlobalSection(ProjectConfigurationPlatforms) = postSolution
		{1C1DDCAB-E4E8-4EC2-8186-7C13DDFA1EF1}.Debug|Any CPU.ActiveCfg = Debug|Any CPU
		{1C1DDCAB-E4E8-4EC2-8186-7C13DDFA1EF1}.Debug|Any CPU.Build.0 = Debug|Any CPU
		{1C1DDCAB-E4E8-4EC2-8186-7C13DDFA1EF1}.Debug|x64.ActiveCfg = Debug|Any CPU
		{1C1DDCAB-E4E8-4EC2-8186-7C13DDFA1EF1}.Debug|x64.Build.0 = Debug|Any CPU
		{1C1DDCAB-E4E8-4EC2-8186-7C13DDFA1EF1}.Debug|x86.ActiveCfg = Debug|Any CPU
		{1C1DDCAB-E4E8-4EC2-8186-7C13DDFA1EF1}.Debug|x86.Build.0 = Debug|Any CPU
		{1C1DDCAB-E4E8-4EC2-8186-7C13DDFA1EF1}.Release|Any CPU.ActiveCfg = Release|Any CPU
		{1C1DDCAB-E4E8-4EC2-8186-7C13DDFA1EF1}.Release|Any CPU.Build.0 = Release|Any CPU
		{1C1DDCAB-E4E8-4EC2-8186-7C13DDFA1EF1}.Release|x64.ActiveCfg = Release|Any CPU
		{1C1DDCAB-E4E8-4EC2-8186-7C13DDFA1EF1}.Release|x64.Build.0 = Release|Any CPU
		{1C1DDCAB-E4E8-4EC2-8186-7C13DDFA1EF1}.Release|x86.ActiveCfg = Release|Any CPU
		{1C1DDCAB-E4E8-4EC2-8186-7C13DDFA1EF1}.Release|x86.Build.0 = Release|Any CPU
		{09403E97-B2FA-404B-B37E-727273824F99}.Debug|Any CPU.ActiveCfg = Debug|Any CPU
		{09403E97-B2FA-404B-B37E-727273824F99}.Debug|Any CPU.Build.0 = Debug|Any CPU
		{09403E97-B2FA-404B-B37E-727273824F99}.Debug|x64.ActiveCfg = Debug|Any CPU
		{09403E97-B2FA-404B-B37E-727273824F99}.Debug|x64.Build.0 = Debug|Any CPU
		{09403E97-B2FA-404B-B37E-727273824F99}.Debug|x86.ActiveCfg = Debug|Any CPU
		{09403E97-B2FA-404B-B37E-727273824F99}.Debug|x86.Build.0 = Debug|Any CPU
		{09403E97-B2FA-404B-B37E-727273824F99}.Release|Any CPU.ActiveCfg = Release|Any CPU
		{09403E97-B2FA-404B-B37E-727273824F99}.Release|Any CPU.Build.0 = Release|Any CPU
		{09403E97-B2FA-404B-B37E-727273824F99}.Release|x64.ActiveCfg = Release|Any CPU
		{09403E97-B2FA-404B-B37E-727273824F99}.Release|x64.Build.0 = Release|Any CPU
		{09403E97-B2FA-404B-B37E-727273824F99}.Release|x86.ActiveCfg = Release|Any CPU
		{09403E97-B2FA-404B-B37E-727273824F99}.Release|x86.Build.0 = Release|Any CPU
		{1F5DD70D-2189-43FE-B75F-CBD852E89583}.Debug|Any CPU.ActiveCfg = Debug|Any CPU
		{1F5DD70D-2189-43FE-B75F-CBD852E89583}.Debug|Any CPU.Build.0 = Debug|Any CPU
		{1F5DD70D-2189-43FE-B75F-CBD852E89583}.Debug|x64.ActiveCfg = Debug|Any CPU
		{1F5DD70D-2189-43FE-B75F-CBD852E89583}.Debug|x64.Build.0 = Debug|Any CPU
		{1F5DD70D-2189-43FE-B75F-CBD852E89583}.Debug|x86.ActiveCfg = Debug|Any CPU
		{1F5DD70D-2189-43FE-B75F-CBD852E89583}.Debug|x86.Build.0 = Debug|Any CPU
		{1F5DD70D-2189-43FE-B75F-CBD852E89583}.Release|Any CPU.ActiveCfg = Release|Any CPU
		{1F5DD70D-2189-43FE-B75F-CBD852E89583}.Release|Any CPU.Build.0 = Release|Any CPU
		{1F5DD70D-2189-43FE-B75F-CBD852E89583}.Release|x64.ActiveCfg = Release|Any CPU
		{1F5DD70D-2189-43FE-B75F-CBD852E89583}.Release|x64.Build.0 = Release|Any CPU
		{1F5DD70D-2189-43FE-B75F-CBD852E89583}.Release|x86.ActiveCfg = Release|Any CPU
		{1F5DD70D-2189-43FE-B75F-CBD852E89583}.Release|x86.Build.0 = Release|Any CPU
		{97EE5803-F373-4E12-92D4-AF1155870CE1}.Debug|Any CPU.ActiveCfg = Debug|Any CPU
		{97EE5803-F373-4E12-92D4-AF1155870CE1}.Debug|Any CPU.Build.0 = Debug|Any CPU
		{97EE5803-F373-4E12-92D4-AF1155870CE1}.Debug|x64.ActiveCfg = Debug|Any CPU
		{97EE5803-F373-4E12-92D4-AF1155870CE1}.Debug|x64.Build.0 = Debug|Any CPU
		{97EE5803-F373-4E12-92D4-AF1155870CE1}.Debug|x86.ActiveCfg = Debug|Any CPU
		{97EE5803-F373-4E12-92D4-AF1155870CE1}.Debug|x86.Build.0 = Debug|Any CPU
		{97EE5803-F373-4E12-92D4-AF1155870CE1}.Release|Any CPU.ActiveCfg = Release|Any CPU
		{97EE5803-F373-4E12-92D4-AF1155870CE1}.Release|Any CPU.Build.0 = Release|Any CPU
		{97EE5803-F373-4E12-92D4-AF1155870CE1}.Release|x64.ActiveCfg = Release|Any CPU
		{97EE5803-F373-4E12-92D4-AF1155870CE1}.Release|x64.Build.0 = Release|Any CPU
		{97EE5803-F373-4E12-92D4-AF1155870CE1}.Release|x86.ActiveCfg = Release|Any CPU
		{97EE5803-F373-4E12-92D4-AF1155870CE1}.Release|x86.Build.0 = Release|Any CPU
		{A3B7C8D9-E1F2-4A5B-8C6D-7E8F9A0B1C2D}.Debug|Any CPU.ActiveCfg = Debug|Any CPU
		{A3B7C8D9-E1F2-4A5B-8C6D-7E8F9A0B1C2D}.Debug|Any CPU.Build.0 = Debug|Any CPU
		{A3B7C8D9-E1F2-4A5B-8C6D-7E8F9A0B1C2D}.Debug|x64.ActiveCfg = Debug|Any CPU
		{A3B7C8D9-E1F2-4A5B-8C6D-7E8F9A0B1C2D}.Debug|x64.Build.0 = Debug|Any CPU
		{A3B7C8D9-E1F2-4A5B-8C6D-7E8F9A0B1C2D}.Debug|x86.ActiveCfg = Debug|Any CPU
		{A3B7C8D9-E1F2-4A5B-8C6D-7E8F9A0B1C2D}.Debug|x86.Build.0 = Debug|Any CPU
		{A3B7C8D9-E1F2-4A5B-8C6D-7E8F9A0B1C2D}.Release|Any CPU.ActiveCfg = Release|Any CPU
		{A3B7C8D9-E1F2-4A5B-8C6D-7E8F9A0B1C2D}.Release|Any CPU.Build.0 = Release|Any CPU
		{A3B7C8D9-E1F2-4A5B-8C6D-7E8F9A0B1C2D}.Release|x64.ActiveCfg = Release|Any CPU
		{A3B7C8D9-E1F2-4A5B-8C6D-7E8F9A0B1C2D}.Release|x64.Build.0 = Release|Any CPU
		{A3B7C8D9-E1F2-4A5B-8C6D-7E8F9A0B1C2D}.Release|x86.ActiveCfg = Release|Any CPU
		{A3B7C8D9-E1F2-4A5B-8C6D-7E8F9A0B1C2D}.Release|x86.Build.0 = Release|Any CPU
		{D2FA1B04-965D-446E-B39D-DB85F54A6995}.Debug|Any CPU.ActiveCfg = Debug|Any CPU
		{D2FA1B04-965D-446E-B39D-DB85F54A6995}.Debug|Any CPU.Build.0 = Debug|Any CPU
		{D2FA1B04-965D-446E-B39D-DB85F54A6995}.Debug|x64.ActiveCfg = Debug|Any CPU
		{D2FA1B04-965D-446E-B39D-DB85F54A6995}.Debug|x64.Build.0 = Debug|Any CPU
		{D2FA1B04-965D-446E-B39D-DB85F54A6995}.Debug|x86.ActiveCfg = Debug|Any CPU
		{D2FA1B04-965D-446E-B39D-DB85F54A6995}.Debug|x86.Build.0 = Debug|Any CPU
		{D2FA1B04-965D-446E-B39D-DB85F54A6995}.Release|Any CPU.ActiveCfg = Release|Any CPU
		{D2FA1B04-965D-446E-B39D-DB85F54A6995}.Release|Any CPU.Build.0 = Release|Any CPU
		{D2FA1B04-965D-446E-B39D-DB85F54A6995}.Release|x64.ActiveCfg = Release|Any CPU
		{D2FA1B04-965D-446E-B39D-DB85F54A6995}.Release|x64.Build.0 = Release|Any CPU
		{D2FA1B04-965D-446E-B39D-DB85F54A6995}.Release|x86.ActiveCfg = Release|Any CPU
		{D2FA1B04-965D-446E-B39D-DB85F54A6995}.Release|x86.Build.0 = Release|Any CPU
		{B3851BC8-D11D-4002-B486-567C8A34C0EF}.Debug|Any CPU.ActiveCfg = Debug|Any CPU
		{B3851BC8-D11D-4002-B486-567C8A34C0EF}.Debug|Any CPU.Build.0 = Debug|Any CPU
		{B3851BC8-D11D-4002-B486-567C8A34C0EF}.Debug|x64.ActiveCfg = Debug|Any CPU
		{B3851BC8-D11D-4002-B486-567C8A34C0EF}.Debug|x64.Build.0 = Debug|Any CPU
		{B3851BC8-D11D-4002-B486-567C8A34C0EF}.Debug|x86.ActiveCfg = Debug|Any CPU
		{B3851BC8-D11D-4002-B486-567C8A34C0EF}.Debug|x86.Build.0 = Debug|Any CPU
		{B3851BC8-D11D-4002-B486-567C8A34C0EF}.Release|Any CPU.ActiveCfg = Release|Any CPU
		{B3851BC8-D11D-4002-B486-567C8A34C0EF}.Release|Any CPU.Build.0 = Release|Any CPU
		{B3851BC8-D11D-4002-B486-567C8A34C0EF}.Release|x64.ActiveCfg = Release|Any CPU
		{B3851BC8-D11D-4002-B486-567C8A34C0EF}.Release|x64.Build.0 = Release|Any CPU
		{B3851BC8-D11D-4002-B486-567C8A34C0EF}.Release|x86.ActiveCfg = Release|Any CPU
		{B3851BC8-D11D-4002-B486-567C8A34C0EF}.Release|x86.Build.0 = Release|Any CPU
		{5143DB23-DF40-49EF-87DE-9ED4F972FF27}.Debug|Any CPU.ActiveCfg = Debug|Any CPU
		{5143DB23-DF40-49EF-87DE-9ED4F972FF27}.Debug|Any CPU.Build.0 = Debug|Any CPU
		{5143DB23-DF40-49EF-87DE-9ED4F972FF27}.Debug|x64.ActiveCfg = Debug|Any CPU
		{5143DB23-DF40-49EF-87DE-9ED4F972FF27}.Debug|x64.Build.0 = Debug|Any CPU
		{5143DB23-DF40-49EF-87DE-9ED4F972FF27}.Debug|x86.ActiveCfg = Debug|Any CPU
		{5143DB23-DF40-49EF-87DE-9ED4F972FF27}.Debug|x86.Build.0 = Debug|Any CPU
		{5143DB23-DF40-49EF-87DE-9ED4F972FF27}.Release|Any CPU.ActiveCfg = Release|Any CPU
		{5143DB23-DF40-49EF-87DE-9ED4F972FF27}.Release|Any CPU.Build.0 = Release|Any CPU
		{5143DB23-DF40-49EF-87DE-9ED4F972FF27}.Release|x64.ActiveCfg = Release|Any CPU
		{5143DB23-DF40-49EF-87DE-9ED4F972FF27}.Release|x64.Build.0 = Release|Any CPU
		{5143DB23-DF40-49EF-87DE-9ED4F972FF27}.Release|x86.ActiveCfg = Release|Any CPU
		{5143DB23-DF40-49EF-87DE-9ED4F972FF27}.Release|x86.Build.0 = Release|Any CPU
		{EF4814CB-A083-4486-B759-748F8F0E5166}.Debug|Any CPU.ActiveCfg = Debug|Any CPU
		{EF4814CB-A083-4486-B759-748F8F0E5166}.Debug|Any CPU.Build.0 = Debug|Any CPU
		{EF4814CB-A083-4486-B759-748F8F0E5166}.Debug|x64.ActiveCfg = Debug|Any CPU
		{EF4814CB-A083-4486-B759-748F8F0E5166}.Debug|x64.Build.0 = Debug|Any CPU
		{EF4814CB-A083-4486-B759-748F8F0E5166}.Debug|x86.ActiveCfg = Debug|Any CPU
		{EF4814CB-A083-4486-B759-748F8F0E5166}.Debug|x86.Build.0 = Debug|Any CPU
		{EF4814CB-A083-4486-B759-748F8F0E5166}.Release|Any CPU.ActiveCfg = Release|Any CPU
		{EF4814CB-A083-4486-B759-748F8F0E5166}.Release|Any CPU.Build.0 = Release|Any CPU
		{EF4814CB-A083-4486-B759-748F8F0E5166}.Release|x64.ActiveCfg = Release|Any CPU
		{EF4814CB-A083-4486-B759-748F8F0E5166}.Release|x64.Build.0 = Release|Any CPU
		{EF4814CB-A083-4486-B759-748F8F0E5166}.Release|x86.ActiveCfg = Release|Any CPU
		{EF4814CB-A083-4486-B759-748F8F0E5166}.Release|x86.Build.0 = Release|Any CPU
		{10AA0DD9-4552-43CE-9193-5737274B4F8D}.Debug|Any CPU.ActiveCfg = Debug|Any CPU
		{10AA0DD9-4552-43CE-9193-5737274B4F8D}.Debug|Any CPU.Build.0 = Debug|Any CPU
		{10AA0DD9-4552-43CE-9193-5737274B4F8D}.Debug|x64.ActiveCfg = Debug|Any CPU
		{10AA0DD9-4552-43CE-9193-5737274B4F8D}.Debug|x64.Build.0 = Debug|Any CPU
		{10AA0DD9-4552-43CE-9193-5737274B4F8D}.Debug|x86.ActiveCfg = Debug|Any CPU
		{10AA0DD9-4552-43CE-9193-5737274B4F8D}.Debug|x86.Build.0 = Debug|Any CPU
		{10AA0DD9-4552-43CE-9193-5737274B4F8D}.Release|Any CPU.ActiveCfg = Release|Any CPU
		{10AA0DD9-4552-43CE-9193-5737274B4F8D}.Release|Any CPU.Build.0 = Release|Any CPU
		{10AA0DD9-4552-43CE-9193-5737274B4F8D}.Release|x64.ActiveCfg = Release|Any CPU
		{10AA0DD9-4552-43CE-9193-5737274B4F8D}.Release|x64.Build.0 = Release|Any CPU
		{10AA0DD9-4552-43CE-9193-5737274B4F8D}.Release|x86.ActiveCfg = Release|Any CPU
		{10AA0DD9-4552-43CE-9193-5737274B4F8D}.Release|x86.Build.0 = Release|Any CPU
		{5B40A1D1-A630-4CE3-9FE8-AD47461C15B8}.Debug|Any CPU.ActiveCfg = Debug|Any CPU
		{5B40A1D1-A630-4CE3-9FE8-AD47461C15B8}.Debug|Any CPU.Build.0 = Debug|Any CPU
		{5B40A1D1-A630-4CE3-9FE8-AD47461C15B8}.Debug|x64.ActiveCfg = Debug|Any CPU
		{5B40A1D1-A630-4CE3-9FE8-AD47461C15B8}.Debug|x64.Build.0 = Debug|Any CPU
		{5B40A1D1-A630-4CE3-9FE8-AD47461C15B8}.Debug|x86.ActiveCfg = Debug|Any CPU
		{5B40A1D1-A630-4CE3-9FE8-AD47461C15B8}.Debug|x86.Build.0 = Debug|Any CPU
		{5B40A1D1-A630-4CE3-9FE8-AD47461C15B8}.Release|Any CPU.ActiveCfg = Release|Any CPU
		{5B40A1D1-A630-4CE3-9FE8-AD47461C15B8}.Release|Any CPU.Build.0 = Release|Any CPU
		{5B40A1D1-A630-4CE3-9FE8-AD47461C15B8}.Release|x64.ActiveCfg = Release|Any CPU
		{5B40A1D1-A630-4CE3-9FE8-AD47461C15B8}.Release|x64.Build.0 = Release|Any CPU
		{5B40A1D1-A630-4CE3-9FE8-AD47461C15B8}.Release|x86.ActiveCfg = Release|Any CPU
		{5B40A1D1-A630-4CE3-9FE8-AD47461C15B8}.Release|x86.Build.0 = Release|Any CPU
		{F7445D07-D389-4F73-9B75-555BF8429BB3}.Debug|Any CPU.ActiveCfg = Debug|Any CPU
		{F7445D07-D389-4F73-9B75-555BF8429BB3}.Debug|Any CPU.Build.0 = Debug|Any CPU
		{F7445D07-D389-4F73-9B75-555BF8429BB3}.Debug|x64.ActiveCfg = Debug|Any CPU
		{F7445D07-D389-4F73-9B75-555BF8429BB3}.Debug|x64.Build.0 = Debug|Any CPU
		{F7445D07-D389-4F73-9B75-555BF8429BB3}.Debug|x86.ActiveCfg = Debug|Any CPU
		{F7445D07-D389-4F73-9B75-555BF8429BB3}.Debug|x86.Build.0 = Debug|Any CPU
		{F7445D07-D389-4F73-9B75-555BF8429BB3}.Release|Any CPU.ActiveCfg = Release|Any CPU
		{F7445D07-D389-4F73-9B75-555BF8429BB3}.Release|Any CPU.Build.0 = Release|Any CPU
		{F7445D07-D389-4F73-9B75-555BF8429BB3}.Release|x64.ActiveCfg = Release|Any CPU
		{F7445D07-D389-4F73-9B75-555BF8429BB3}.Release|x64.Build.0 = Release|Any CPU
		{F7445D07-D389-4F73-9B75-555BF8429BB3}.Release|x86.ActiveCfg = Release|Any CPU
		{F7445D07-D389-4F73-9B75-555BF8429BB3}.Release|x86.Build.0 = Release|Any CPU
		{2BC86642-A1CB-4BB7-B7AC-4398397F79BC}.Debug|Any CPU.ActiveCfg = Debug|Any CPU
		{2BC86642-A1CB-4BB7-B7AC-4398397F79BC}.Debug|Any CPU.Build.0 = Debug|Any CPU
		{2BC86642-A1CB-4BB7-B7AC-4398397F79BC}.Debug|x64.ActiveCfg = Debug|Any CPU
		{2BC86642-A1CB-4BB7-B7AC-4398397F79BC}.Debug|x64.Build.0 = Debug|Any CPU
		{2BC86642-A1CB-4BB7-B7AC-4398397F79BC}.Debug|x86.ActiveCfg = Debug|Any CPU
		{2BC86642-A1CB-4BB7-B7AC-4398397F79BC}.Debug|x86.Build.0 = Debug|Any CPU
		{2BC86642-A1CB-4BB7-B7AC-4398397F79BC}.Release|Any CPU.ActiveCfg = Release|Any CPU
		{2BC86642-A1CB-4BB7-B7AC-4398397F79BC}.Release|Any CPU.Build.0 = Release|Any CPU
		{2BC86642-A1CB-4BB7-B7AC-4398397F79BC}.Release|x64.ActiveCfg = Release|Any CPU
		{2BC86642-A1CB-4BB7-B7AC-4398397F79BC}.Release|x64.Build.0 = Release|Any CPU
		{2BC86642-A1CB-4BB7-B7AC-4398397F79BC}.Release|x86.ActiveCfg = Release|Any CPU
		{2BC86642-A1CB-4BB7-B7AC-4398397F79BC}.Release|x86.Build.0 = Release|Any CPU
		{8A2DCA74-0266-4DFE-B988-FAA78FB9AC6B}.Debug|Any CPU.ActiveCfg = Debug|Any CPU
		{8A2DCA74-0266-4DFE-B988-FAA78FB9AC6B}.Debug|Any CPU.Build.0 = Debug|Any CPU
		{8A2DCA74-0266-4DFE-B988-FAA78FB9AC6B}.Debug|Any CPU.Deploy.0 = Debug|Any CPU
		{8A2DCA74-0266-4DFE-B988-FAA78FB9AC6B}.Debug|x64.ActiveCfg = Debug|Any CPU
		{8A2DCA74-0266-4DFE-B988-FAA78FB9AC6B}.Debug|x64.Build.0 = Debug|Any CPU
		{8A2DCA74-0266-4DFE-B988-FAA78FB9AC6B}.Debug|x64.Deploy.0 = Debug|Any CPU
		{8A2DCA74-0266-4DFE-B988-FAA78FB9AC6B}.Debug|x86.ActiveCfg = Debug|Any CPU
		{8A2DCA74-0266-4DFE-B988-FAA78FB9AC6B}.Debug|x86.Build.0 = Debug|Any CPU
		{8A2DCA74-0266-4DFE-B988-FAA78FB9AC6B}.Debug|x86.Deploy.0 = Debug|Any CPU
		{8A2DCA74-0266-4DFE-B988-FAA78FB9AC6B}.Release|Any CPU.ActiveCfg = Release|Any CPU
		{8A2DCA74-0266-4DFE-B988-FAA78FB9AC6B}.Release|Any CPU.Build.0 = Release|Any CPU
		{8A2DCA74-0266-4DFE-B988-FAA78FB9AC6B}.Release|Any CPU.Deploy.0 = Release|Any CPU
		{8A2DCA74-0266-4DFE-B988-FAA78FB9AC6B}.Release|x64.ActiveCfg = Release|Any CPU
		{8A2DCA74-0266-4DFE-B988-FAA78FB9AC6B}.Release|x64.Build.0 = Release|Any CPU
		{8A2DCA74-0266-4DFE-B988-FAA78FB9AC6B}.Release|x64.Deploy.0 = Release|Any CPU
		{8A2DCA74-0266-4DFE-B988-FAA78FB9AC6B}.Release|x86.ActiveCfg = Release|Any CPU
		{8A2DCA74-0266-4DFE-B988-FAA78FB9AC6B}.Release|x86.Build.0 = Release|Any CPU
		{8A2DCA74-0266-4DFE-B988-FAA78FB9AC6B}.Release|x86.Deploy.0 = Release|Any CPU
		{327FAB73-D7C8-4431-B1BF-21F60F2A9361}.Debug|Any CPU.ActiveCfg = Debug|Any CPU
		{327FAB73-D7C8-4431-B1BF-21F60F2A9361}.Debug|Any CPU.Build.0 = Debug|Any CPU
		{327FAB73-D7C8-4431-B1BF-21F60F2A9361}.Debug|x64.ActiveCfg = Debug|Any CPU
		{327FAB73-D7C8-4431-B1BF-21F60F2A9361}.Debug|x64.Build.0 = Debug|Any CPU
		{327FAB73-D7C8-4431-B1BF-21F60F2A9361}.Debug|x86.ActiveCfg = Debug|Any CPU
		{327FAB73-D7C8-4431-B1BF-21F60F2A9361}.Debug|x86.Build.0 = Debug|Any CPU
		{327FAB73-D7C8-4431-B1BF-21F60F2A9361}.Release|Any CPU.ActiveCfg = Release|Any CPU
		{327FAB73-D7C8-4431-B1BF-21F60F2A9361}.Release|Any CPU.Build.0 = Release|Any CPU
		{327FAB73-D7C8-4431-B1BF-21F60F2A9361}.Release|x64.ActiveCfg = Release|Any CPU
		{327FAB73-D7C8-4431-B1BF-21F60F2A9361}.Release|x64.Build.0 = Release|Any CPU
		{327FAB73-D7C8-4431-B1BF-21F60F2A9361}.Release|x86.ActiveCfg = Release|Any CPU
		{327FAB73-D7C8-4431-B1BF-21F60F2A9361}.Release|x86.Build.0 = Release|Any CPU
	EndGlobalSection
	GlobalSection(SolutionProperties) = preSolution
		HideSolutionNode = FALSE
	EndGlobalSection
	GlobalSection(NestedProjects) = preSolution
		{55418A49-9090-CAE5-2336-DB6E3B14E6F9} = {B8EFCA5F-814F-285C-A8CB-F00F14650265}
		{1C1DDCAB-E4E8-4EC2-8186-7C13DDFA1EF1} = {55418A49-9090-CAE5-2336-DB6E3B14E6F9}
		{09403E97-B2FA-404B-B37E-727273824F99} = {55418A49-9090-CAE5-2336-DB6E3B14E6F9}
		{1F5DD70D-2189-43FE-B75F-CBD852E89583} = {55418A49-9090-CAE5-2336-DB6E3B14E6F9}
		{CC77E06B-3944-BD4E-1143-D9E0831960C5} = {B8EFCA5F-814F-285C-A8CB-F00F14650265}
		{97EE5803-F373-4E12-92D4-AF1155870CE1} = {CC77E06B-3944-BD4E-1143-D9E0831960C5}
		{A3B7C8D9-E1F2-4A5B-8C6D-7E8F9A0B1C2D} = {CC77E06B-3944-BD4E-1143-D9E0831960C5}
		{4099C67F-8F07-C005-922D-FD49B02B3456} = {B8EFCA5F-814F-285C-A8CB-F00F14650265}
		{D2FA1B04-965D-446E-B39D-DB85F54A6995} = {4099C67F-8F07-C005-922D-FD49B02B3456}
		{B3851BC8-D11D-4002-B486-567C8A34C0EF} = {4099C67F-8F07-C005-922D-FD49B02B3456}
		{5143DB23-DF40-49EF-87DE-9ED4F972FF27} = {B8EFCA5F-814F-285C-A8CB-F00F14650265}
		{EF4814CB-A083-4486-B759-748F8F0E5166} = {B8EFCA5F-814F-285C-A8CB-F00F14650265}
		{82952E8A-BE24-56EA-13F6-4DD522780281} = {B8EFCA5F-814F-285C-A8CB-F00F14650265}
		{10AA0DD9-4552-43CE-9193-5737274B4F8D} = {82952E8A-BE24-56EA-13F6-4DD522780281}
		{5B40A1D1-A630-4CE3-9FE8-AD47461C15B8} = {0AB3BF05-4346-4AA6-1389-037BE0695223}
		{F7445D07-D389-4F73-9B75-555BF8429BB3} = {0AB3BF05-4346-4AA6-1389-037BE0695223}
		{2BC86642-A1CB-4BB7-B7AC-4398397F79BC} = {0AB3BF05-4346-4AA6-1389-037BE0695223}
		{8A2DCA74-0266-4DFE-B988-FAA78FB9AC6B} = {C8D5274F-AC00-46C7-1F8D-E88E81087A52}
		{C8D5274F-AC00-46C7-1F8D-E88E81087A52} = {B8EFCA5F-814F-285C-A8CB-F00F14650265}
		{327FAB73-D7C8-4431-B1BF-21F60F2A9361} = {82952E8A-BE24-56EA-13F6-4DD522780281}
	EndGlobalSection
	GlobalSection(ExtensibilityGlobals) = postSolution
		SolutionGuid = {1FE0740B-0C21-4B76-ACC5-D18A4F870F32}
	EndGlobalSection
EndGlobal
